{
    "doctrine/deprecations": {
        "version": "1.1",
        "recipe": {
            "repo": "github.com/schranz-php-recipes/symfony-recipes-php",
            "branch": "main",
            "version": "1.0",
            "ref": "87424683adc81d7dc305eefec1fced883084aab9"
        }
    },
    "doctrine/doctrine-bundle": {
        "version": "2.15",
        "recipe": {
            "repo": "github.com/MforMono/recipes",
            "branch": "main",
            "version": "2.13",
            "ref": "60085f7d55460f4884c99370eedf61a9171eca3d"
        },
        "files": [
            "config/packages/doctrine.php",
            "src/ExampleContext/Infrastructure/Persistence/Doctrine/ORM/Entity/.gitignore"
        ]
    },
    "doctrine/doctrine-fixtures-bundle": {
        "version": "4.1",
        "recipe": {
            "repo": "github.com/MforMono/recipes",
            "branch": "main",
            "version": "3.0",
            "ref": "557e629afb186ddb32fee8fc8366f1bcf197b9b2"
        },
        "files": [
            "src/ExampleContext/Infrastructure/Persistence/Doctrine/ORM/Fixture/.gitignore"
        ]
    },
    "doctrine/doctrine-migrations-bundle": {
        "version": "3.4",
        "recipe": {
            "repo": "github.com/schranz-php-recipes/symfony-recipes-php",
            "branch": "main",
            "version": "3.1",
            "ref": "cfb536f3fe7994c4177bee66f7f95fcc4b78209f"
        },
        "files": [
            "config/packages/doctrine_migrations.php",
            "migrations/.gitignore"
        ]
    },
    "mformono/docker": {
        "version": "1.0",
        "recipe": {
            "repo": "github.com/MforMono/recipes",
            "branch": "main",
            "version": "1.0",
            "ref": "1cc3112b75d052db40bfc2f3bd6077a974b4ae8b"
        },
        "files": [
            ".continue/rules/docker-php-best-practices.md",
            "etc/docker/entrypoints/app-entrypoint",
            "etc/docker/entrypoints/app-php-entrypoint",
            "etc/docker/php/conf.d/app.dev.ini",
            "etc/docker/php/conf.d/xdebug.ini",
            "etc/docker/php/fpm.d/www.dev.conf",
            ".dockerignore",
            "compose.yaml",
            "Dockerfile"
        ]
    },
    "mformono/editorconfig": {
        "version": "1.0",
        "recipe": {
            "repo": "github.com/MforMono/recipes",
            "branch": "main",
            "version": "1.0",
            "ref": "3998a0ec300996d8f083516ead7e49c43579401f"
        },
        "files": [
            ".editorconfig"
        ]
    },
    "phpstan/phpstan": {
        "version": "2.1",
        "recipe": {
            "repo": "github.com/schranz-php-recipes/symfony-recipes-php-contrib",
            "branch": "main",
            "version": "1.0",
            "ref": "5e490cc197fb6bb1ae22e5abbc531ddc633b6767"
        },
        "files": [
            "phpstan.dist.neon"
        ]
    },
    "phpstan/phpstan-symfony": {
        "version": "2.0",
        "recipe": {
            "repo": "github.com/MforMono/recipes",
            "branch": "main",
            "version": "2.0",
            "ref": "19f8a2f369367b7bf74b3736e7f2fa29b55dff96"
        },
        "files": [
            "phpstan.neon"
        ]
    },
    "phpunit/phpunit": {
        "version": "12.2",
        "recipe": {
            "repo": "github.com/schranz-php-recipes/symfony-recipes-php",
            "branch": "main",
            "version": "11.1",
            "ref": "c6658a60fc9d594805370eacdf542c3d6b5c0869"
        },
        "files": [
            ".env.test",
            "phpunit.dist.xml",
            "tests/bootstrap.php",
            "bin/phpunit"
        ]
    },
    "rector/rector": {
        "version": "2.1",
        "recipe": {
            "repo": "github.com/MforMono/recipes",
            "branch": "main",
            "version": "2.0",
            "ref": "fc625c6d30e8a9cb29ea338e98eb1007e5f12fe6"
        },
        "files": [
            "rector.php"
        ]
    },
    "spaze/phpstan-disallowed-calls": {
        "version": "4.5",
        "recipe": {
            "repo": "github.com/MforMono/recipes",
            "branch": "main",
            "version": "4.0",
            "ref": "af8d06901c897a459321b935cf8f6d227c3e3a12"
        }
    },
    "symfony/console": {
        "version": "7.3",
        "recipe": {
            "repo": "github.com/schranz-php-recipes/symfony-recipes-php",
            "branch": "main",
            "version": "5.3",
            "ref": "1781ff40d8a17d87cf53f8d4cf0c8346ed2bb461"
        },
        "files": [
            "bin/console"
        ]
    },
    "symfony/debug-bundle": {
        "version": "7.3",
        "recipe": {
            "repo": "github.com/schranz-php-recipes/symfony-recipes-php",
            "branch": "main",
            "version": "5.3",
            "ref": "31687d470bd812209d9da6b673ed2aba38521547"
        },
        "files": [
            "config/packages/debug.php"
        ]
    },
    "symfony/flex": {
        "version": "2.8",
        "recipe": {
            "repo": "github.com/schranz-php-recipes/symfony-recipes-php",
            "branch": "main",
            "version": "2.4",
            "ref": "52e9754527a15e2b79d9a610f98185a1fe46622a"
        },
        "files": [
            ".env",
            ".env.dev"
        ]
    },
    "symfony/framework-bundle": {
        "version": "7.3",
        "recipe": {
            "repo": "github.com/MforMono/recipes",
            "branch": "main",
            "version": "7.2",
            "ref": "4b2c5cb7644a5b93e79ee873b4b56612d3558a12"
        },
        "files": [
            "config/packages/cache.php",
            "config/packages/framework.php",
            "config/preload.php",
            "config/routes/framework.php",
            "config/services.php",
            "config/services/.gitignore",
            "public/index.php",
            "src/ExampleContext/UI/Controller/.gitignore",
            "src/Kernel.php"
        ]
    },
    "symfony/maker-bundle": {
        "version": "1.64",
        "recipe": {
            "repo": "github.com/schranz-php-recipes/symfony-recipes-php",
            "branch": "main",
            "version": "1.0",
            "ref": "fadbfe33303a76e25cb63401050439aa9b1a9c7f"
        }
    },
    "symfony/messenger": {
        "version": "7.3",
        "recipe": {
            "repo": "github.com/MforMono/recipes",
            "branch": "main",
            "version": "6.0",
            "ref": "eee6c9752b019c36884ad5ed48e7d58f948c2882"
        },
        "files": [
            "config/packages/messenger.php",
            "src/Shared/Infrastructure/MessageBus/AsyncEventBus.php",
            "src/Shared/Infrastructure/MessageBus/CommandBusInterface.php",
            "src/Shared/Infrastructure/MessageBus/EventBusInterface.php",
            "src/Shared/Infrastructure/MessageBus/QueryBusInterface.php",
            "src/Shared/Infrastructure/MessageBus/SyncCommandBus.php",
            "src/Shared/Infrastructure/MessageBus/SyncQueryBus.php"
        ]
    },
    "symfony/monolog-bundle": {
        "version": "3.10",
        "recipe": {
            "repo": "github.com/schranz-php-recipes/symfony-recipes-php",
            "branch": "main",
            "version": "3.7",
            "ref": "18c2baf637fa9704bffd49f441df9644bf769b56"
        },
        "files": [
            "config/packages/monolog.php"
        ]
    },
    "symfony/property-info": {
        "version": "7.3",
        "recipe": {
            "repo": "github.com/schranz-php-recipes/symfony-recipes-php",
            "branch": "main",
            "version": "7.3",
            "ref": "d060bba53e082b9e775e9298c8e98069898141d2"
        },
        "files": [
            "config/packages/property_info.php"
        ]
    },
    "symfony/routing": {
        "version": "7.3",
        "recipe": {
            "repo": "github.com/MforMono/recipes",
            "branch": "main",
            "version": "7.0",
            "ref": "4b0a7aa835b350e77c126bca5190a0a3e4e34f65"
        },
        "files": [
            "config/packages/routing.php",
            "config/routes.php"
        ]
    },
    "symfony/twig-bundle": {
        "version": "7.3",
        "recipe": {
            "repo": "github.com/MforMono/recipes",
            "branch": "main",
            "version": "6.4",
            "ref": "d9cb983fb8721ffa58c08a3420e9104e072c8573"
        },
        "files": [
            "config/packages/twig.php",
            "templates/base.html.twig"
        ]
    },
    "symfony/uid": {
        "version": "7.3",
        "recipe": {
            "repo": "github.com/schranz-php-recipes/symfony-recipes-php",
            "branch": "main",
            "version": "7.0",
            "ref": "0df5844274d871b37fc3816c57a768ffc60a43a5"
        }
    },
    "symfony/validator": {
        "version": "7.3",
        "recipe": {
            "repo": "github.com/MforMono/recipes",
            "branch": "main",
            "version": "7.0",
            "ref": "c640b8e6f2119d73c8c46f593bb3247f27c0df89"
        },
        "files": [
            "config/packages/validator.php"
        ]
    },
    "symfony/web-profiler-bundle": {
        "version": "7.3",
        "recipe": {
            "repo": "github.com/schranz-php-recipes/symfony-recipes-php",
            "branch": "main",
            "version": "7.3",
            "ref": "ceff5b1abaa7bdc91f9b865ec171298944a4846a"
        },
        "files": [
            "config/packages/web_profiler.php",
            "config/routes/web_profiler.php"
        ]
    },
    "symplify/easy-coding-standard": {
        "version": "12.5",
        "recipe": {
            "repo": "github.com/MforMono/recipes",
            "branch": "main",
            "version": "12.0",
            "ref": "42767154d3d50f3b752319ec4a26251b2ec53477"
        },
        "files": [
            "ecs.php"
        ]
    },
    "vincentlanglet/twig-cs-fixer": {
        "version": "3.8",
        "recipe": {
            "repo": "github.com/MforMono/recipes",
            "branch": "main",
            "version": "3.0",
            "ref": "e508f7e1f5744a644168090c5f1540a0da208193"
        },
        "files": [
            ".twig-cs-fixer.dist.php"
        ]
    },
    "zenstruck/foundry": {
        "version": "2.6",
        "recipe": {
            "repo": "github.com/MforMono/recipes",
            "branch": "main",
            "version": "2.0",
            "ref": "4e2202ae9cc40d445a676051ce22313bf8c997ea"
        },
        "files": [
            "config/packages/zenstruck_foundry.php"
        ]
    }
}
